<Solution>
  <Folder Name="/K8S/">
    <File Path="commands-depl.yaml" />
    <File Path="ingress-srv.yaml" />
    <File Path="local-pvc.yaml" />
    <File Path="platforms-depl.yaml" />
    <File Path="platforms-np-srv.yaml" />
  </Folder>
  <Project Path="CommandService/CommandService.csproj" Id="65454700-c670-4445-8f7b-e644ec6de1f3" />
  <Project Path="PlatformService/PlatformService.csproj" />
</Solution>
